
Microsoft Visual Studio Solution File, Format Version 12.00
# Visual Studio 15
VisualStudioVersion = 15.0.28307.136
MinimumVisualStudioVersion = 10.0.40219.1
Project("{9A19103F-16F7-4668-BE54-9A1E7A4F7556}") = "Foretagsplatsen.Api2", "Foretagsplatsen.Api2\Foretagsplatsen.Api2.csproj", "{22713C19-3001-4D0C-B64F-7FF6599DC30A}"
EndProject
Project("{9A19103F-16F7-4668-BE54-9A1E7A4F7556}") = "Foretagsplatsen.Api.SimpleConsoleClient", "Foretagsplatsen.Api.SimpleConsoleClient\Foretagsplatsen.Api.SimpleConsoleClient.csproj", "{DCA6EB6C-A6FB-4921-B5FB-B4465179F459}"
EndProject
Project("{9A19103F-16F7-4668-BE54-9A1E7A4F7556}") = "Foretagsplatsen.Api.TestProject", "Foretagsplatsen.Api.TestProject\Foretagsplatsen.Api.TestProject.csproj", "{885586CA-88D5-43BB-A798-BE80B2BD6ACD}"
EndProject
Global
	GlobalSection(SolutionConfigurationPlatforms) = preSolution
		Debug|Any CPU = Debug|Any CPU
		Release|Any CPU = Release|Any CPU
	EndGlobalSection
	GlobalSection(ProjectConfigurationPlatforms) = postSolution
		{22713C19-3001-4D0C-B64F-7FF6599DC30A}.Debug|Any CPU.ActiveCfg = Debug|Any CPU
		{22713C19-3001-4D0C-B64F-7FF6599DC30A}.Debug|Any CPU.Build.0 = Debug|Any CPU
		{22713C19-3001-4D0C-B64F-7FF6599DC30A}.Release|Any CPU.ActiveCfg = Release|Any CPU
		{22713C19-3001-4D0C-B64F-7FF6599DC30A}.Release|Any CPU.Build.0 = Release|Any CPU
		{DCA6EB6C-A6FB-4921-B5FB-B4465179F459}.Debug|Any CPU.ActiveCfg = Debug|Any CPU
		{DCA6EB6C-A6FB-4921-B5FB-B4465179F459}.Debug|Any CPU.Build.0 = Debug|Any CPU
		{DCA6EB6C-A6FB-4921-B5FB-B4465179F459}.Release|Any CPU.ActiveCfg = Release|Any CPU
		{DCA6EB6C-A6FB-4921-B5FB-B4465179F459}.Release|Any CPU.Build.0 = Release|Any CPU
		{885586CA-88D5-43BB-A798-BE80B2BD6ACD}.Debug|Any CPU.ActiveCfg = Debug|Any CPU
		{885586CA-88D5-43BB-A798-BE80B2BD6ACD}.Debug|Any CPU.Build.0 = Debug|Any CPU
		{885586CA-88D5-43BB-A798-BE80B2BD6ACD}.Release|Any CPU.ActiveCfg = Release|Any CPU
		{885586CA-88D5-43BB-A798-BE80B2BD6ACD}.Release|Any CPU.Build.0 = Release|Any CPU
	EndGlobalSection
	GlobalSection(SolutionProperties) = preSolution
		HideSolutionNode = FALSE
	EndGlobalSection
	GlobalSection(ExtensibilityGlobals) = postSolution
		SolutionGuid = {95CD8306-AE8A-4D6D-B480-D6B24BD3AD4A}
	EndGlobalSection
EndGlobal
